
Microsoft Visual Studio Solution File, Format Version 12.00
# Visual Studio Version 16
VisualStudioVersion = 16.0.29102.190
MinimumVisualStudioVersion = 10.0.40219.1
Project("{FAE04EC0-301F-11D3-BF4B-00C04F79EFBC}") = "XamarinRefit.Android", "XamarinRefit\XamarinRefit.Android\XamarinRefit.Android.csproj", "{7F1DC338-4531-4FC7-A04A-B1DCBA2D9EAD}"
EndProject
Project("{FAE04EC0-301F-11D3-BF4B-00C04F79EFBC}") = "XamarinRefit.iOS", "XamarinRefit\XamarinRefit.iOS\XamarinRefit.iOS.csproj", "{96D321B4-9528-4405-BDC2-10D812296D09}"
EndProject
Project("{FAE04EC0-301F-11D3-BF4B-00C04F79EFBC}") = "XamarinRefit", "XamarinRefit\XamarinRefit\XamarinRefit.csproj", "{0AFAB19D-A656-40C1-9E01-3D447A023366}"
EndProject
Global
	GlobalSection(SolutionConfigurationPlatforms) = preSolution
		Debug|Any CPU = Debug|Any CPU
		Debug|iPhone = Debug|iPhone
		Debug|iPhoneSimulator = Debug|iPhoneSimulator
		Release|Any CPU = Release|Any CPU
		Release|iPhone = Release|iPhone
		Release|iPhoneSimulator = Release|iPhoneSimulator
	EndGlobalSection
	GlobalSection(ProjectConfigurationPlatforms) = postSolution
		{7F1DC338-4531-4FC7-A04A-B1DCBA2D9EAD}.Debug|Any CPU.ActiveCfg = Debug|Any CPU
		{7F1DC338-4531-4FC7-A04A-B1DCBA2D9EAD}.Debug|Any CPU.Build.0 = Debug|Any CPU
		{7F1DC338-4531-4FC7-A04A-B1DCBA2D9EAD}.Debug|Any CPU.Deploy.0 = Debug|Any CPU
		{7F1DC338-4531-4FC7-A04A-B1DCBA2D9EAD}.Debug|iPhone.ActiveCfg = Debug|Any CPU
		{7F1DC338-4531-4FC7-A04A-B1DCBA2D9EAD}.Debug|iPhone.Build.0 = Debug|Any CPU
		{7F1DC338-4531-4FC7-A04A-B1DCBA2D9EAD}.Debug|iPhone.Deploy.0 = Debug|Any CPU
		{7F1DC338-4531-4FC7-A04A-B1DCBA2D9EAD}.Debug|iPhoneSimulator.ActiveCfg = Debug|Any CPU
		{7F1DC338-4531-4FC7-A04A-B1DCBA2D9EAD}.Debug|iPhoneSimulator.Build.0 = Debug|Any CPU
		{7F1DC338-4531-4FC7-A04A-B1DCBA2D9EAD}.Debug|iPhoneSimulator.Deploy.0 = Debug|Any CPU
		{7F1DC338-4531-4FC7-A04A-B1DCBA2D9EAD}.Release|Any CPU.ActiveCfg = Release|Any CPU
		{7F1DC338-4531-4FC7-A04A-B1DCBA2D9EAD}.Release|Any CPU.Build.0 = Release|Any CPU
		{7F1DC338-4531-4FC7-A04A-B1DCBA2D9EAD}.Release|Any CPU.Deploy.0 = Release|Any CPU
		{7F1DC338-4531-4FC7-A04A-B1DCBA2D9EAD}.Release|iPhone.ActiveCfg = Release|Any CPU
		{7F1DC338-4531-4FC7-A04A-B1DCBA2D9EAD}.Release|iPhone.Build.0 = Release|Any CPU
		{7F1DC338-4531-4FC7-A04A-B1DCBA2D9EAD}.Release|iPhone.Deploy.0 = Release|Any CPU
		{7F1DC338-4531-4FC7-A04A-B1DCBA2D9EAD}.Release|iPhoneSimulator.ActiveCfg = Release|Any CPU
		{7F1DC338-4531-4FC7-A04A-B1DCBA2D9EAD}.Release|iPhoneSimulator.Build.0 = Release|Any CPU
		{7F1DC338-4531-4FC7-A04A-B1DCBA2D9EAD}.Release|iPhoneSimulator.Deploy.0 = Release|Any CPU
		{96D321B4-9528-4405-BDC2-10D812296D09}.Debug|Any CPU.ActiveCfg = Debug|iPhoneSimulator
		{96D321B4-9528-4405-BDC2-10D812296D09}.Debug|Any CPU.Build.0 = Debug|iPhoneSimulator
		{96D321B4-9528-4405-BDC2-10D812296D09}.Debug|Any CPU.Deploy.0 = Debug|iPhoneSimulator
		{96D321B4-9528-4405-BDC2-10D812296D09}.Debug|iPhone.ActiveCfg = Debug|iPhone
		{96D321B4-9528-4405-BDC2-10D812296D09}.Debug|iPhone.Build.0 = Debug|iPhone
		{96D321B4-9528-4405-BDC2-10D812296D09}.Debug|iPhone.Deploy.0 = Debug|iPhone
		{96D321B4-9528-4405-BDC2-10D812296D09}.Debug|iPhoneSimulator.ActiveCfg = Debug|iPhoneSimulator
		{96D321B4-9528-4405-BDC2-10D812296D09}.Debug|iPhoneSimulator.Build.0 = Debug|iPhoneSimulator
		{96D321B4-9528-4405-BDC2-10D812296D09}.Debug|iPhoneSimulator.Deploy.0 = Debug|iPhoneSimulator
		{96D321B4-9528-4405-BDC2-10D812296D09}.Release|Any CPU.ActiveCfg = Release|iPhone
		{96D321B4-9528-4405-BDC2-10D812296D09}.Release|Any CPU.Build.0 = Release|iPhone
		{96D321B4-9528-4405-BDC2-10D812296D09}.Release|Any CPU.Deploy.0 = Release|iPhone
		{96D321B4-9528-4405-BDC2-10D812296D09}.Release|iPhone.ActiveCfg = Release|iPhone
		{96D321B4-9528-4405-BDC2-10D812296D09}.Release|iPhone.Build.0 = Release|iPhone
		{96D321B4-9528-4405-BDC2-10D812296D09}.Release|iPhone.Deploy.0 = Release|iPhone
		{96D321B4-9528-4405-BDC2-10D812296D09}.Release|iPhoneSimulator.ActiveCfg = Release|iPhoneSimulator
		{96D321B4-9528-4405-BDC2-10D812296D09}.Release|iPhoneSimulator.Build.0 = Release|iPhoneSimulator
		{96D321B4-9528-4405-BDC2-10D812296D09}.Release|iPhoneSimulator.Deploy.0 = Release|iPhoneSimulator
		{0AFAB19D-A656-40C1-9E01-3D447A023366}.Debug|Any CPU.ActiveCfg = Debug|Any CPU
		{0AFAB19D-A656-40C1-9E01-3D447A023366}.Debug|Any CPU.Build.0 = Debug|Any CPU
		{0AFAB19D-A656-40C1-9E01-3D447A023366}.Debug|Any CPU.Deploy.0 = Debug|Any CPU
		{0AFAB19D-A656-40C1-9E01-3D447A023366}.Debug|iPhone.ActiveCfg = Debug|Any CPU
		{0AFAB19D-A656-40C1-9E01-3D447A023366}.Debug|iPhone.Build.0 = Debug|Any CPU
		{0AFAB19D-A656-40C1-9E01-3D447A023366}.Debug|iPhone.Deploy.0 = Debug|Any CPU
		{0AFAB19D-A656-40C1-9E01-3D447A023366}.Debug|iPhoneSimulator.ActiveCfg = Debug|Any CPU
		{0AFAB19D-A656-40C1-9E01-3D447A023366}.Debug|iPhoneSimulator.Build.0 = Debug|Any CPU
		{0AFAB19D-A656-40C1-9E01-3D447A023366}.Debug|iPhoneSimulator.Deploy.0 = Debug|Any CPU
		{0AFAB19D-A656-40C1-9E01-3D447A023366}.Release|Any CPU.ActiveCfg = Release|Any CPU
		{0AFAB19D-A656-40C1-9E01-3D447A023366}.Release|Any CPU.Build.0 = Release|Any CPU
		{0AFAB19D-A656-40C1-9E01-3D447A023366}.Release|Any CPU.Deploy.0 = Release|Any CPU
		{0AFAB19D-A656-40C1-9E01-3D447A023366}.Release|iPhone.ActiveCfg = Release|Any CPU
		{0AFAB19D-A656-40C1-9E01-3D447A023366}.Release|iPhone.Build.0 = Release|Any CPU
		{0AFAB19D-A656-40C1-9E01-3D447A023366}.Release|iPhone.Deploy.0 = Release|Any CPU
		{0AFAB19D-A656-40C1-9E01-3D447A023366}.Release|iPhoneSimulator.ActiveCfg = Release|Any CPU
		{0AFAB19D-A656-40C1-9E01-3D447A023366}.Release|iPhoneSimulator.Build.0 = Release|Any CPU
		{0AFAB19D-A656-40C1-9E01-3D447A023366}.Release|iPhoneSimulator.Deploy.0 = Release|Any CPU
	EndGlobalSection
	GlobalSection(SolutionProperties) = preSolution
		HideSolutionNode = FALSE
	EndGlobalSection
	GlobalSection(ExtensibilityGlobals) = postSolution
		SolutionGuid = {A50A49EF-2567-4FE1-91BC-0F2DBB8325D8}
	EndGlobalSection
EndGlobal
